
Microsoft Visual Studio Solution File, Format Version 12.00
# Visual Studio Version 17
VisualStudioVersion = 17.7.34202.233
MinimumVisualStudioVersion = 10.0.40219.1
Project("{9A19103F-16F7-4668-BE54-9A1E7A4F7556}") = "01_TypesAndVariables", "01_TypesAndVariables\01_TypesAndVariables.csproj", "{D3072C23-3C77-483E-AD4D-55C0E08C9A38}"
EndProject
Project("{9A19103F-16F7-4668-BE54-9A1E7A4F7556}") = "02_Conditionals", "02_Conditionals\02_Conditionals.csproj", "{72C48834-AEC6-471A-ADFC-EF139F3AF347}"
EndProject
Project("{9A19103F-16F7-4668-BE54-9A1E7A4F7556}") = "03_Methods", "03_Methods\03_Methods.csproj", "{DEA87E14-DC5F-443B-938F-870CBED1A753}"
EndProject
Project("{9A19103F-16F7-4668-BE54-9A1E7A4F7556}") = "04_Arrays", "04_Arrays\04_Arrays.csproj", "{9A8CAA3B-0612-42BF-AEB0-D23D3A6DA8AB}"
EndProject
Project("{9A19103F-16F7-4668-BE54-9A1E7A4F7556}") = "05_Loops", "05_Loops\05_Loops.csproj", "{0B29A3D4-C674-4E09-A5B5-5A1A67D0EDE8}"
EndProject
Project("{9A19103F-16F7-4668-BE54-9A1E7A4F7556}") = "06_Strings", "06_Strings\06_Strings.csproj", "{4A548ED3-AEE9-4B12-869D-EBBC491C84A7}"
EndProject
Project("{9A19103F-16F7-4668-BE54-9A1E7A4F7556}") = "07_Classes", "07_Classes\07_Classes.csproj", "{872B4D83-CF3B-4E61-8734-9A09A7280CF7}"
EndProject
Project("{9A19103F-16F7-4668-BE54-9A1E7A4F7556}") = "08_RecapDemo", "08_RecapDemo\08_RecapDemo.csproj", "{DCC2B3B7-7C05-4CE8-9EE5-A2D6BB707CCF}"
EndProject
Project("{9A19103F-16F7-4668-BE54-9A1E7A4F7556}") = "09_Interfaces", "09_Interfaces\09_Interfaces.csproj", "{C1140144-997F-4B77-920A-7AF38F70D702}"
EndProject
Project("{FAE04EC0-301F-11D3-BF4B-00C04F79EFBC}") = "10_InterfacesDemo", "10_InterfacesDemo\10_InterfacesDemo.csproj", "{B86A10FD-50BB-4AAF-86C6-06A5C2405035}"
EndProject
Project("{FAE04EC0-301F-11D3-BF4B-00C04F79EFBC}") = "11_Inheritance", "11_Inheritance\11_Inheritance.csproj", "{931E510E-EDE0-49EC-86FC-438A72BC6F36}"
EndProject
Global
	GlobalSection(SolutionConfigurationPlatforms) = preSolution
		Debug|Any CPU = Debug|Any CPU
		Release|Any CPU = Release|Any CPU
	EndGlobalSection
	GlobalSection(ProjectConfigurationPlatforms) = postSolution
		{D3072C23-3C77-483E-AD4D-55C0E08C9A38}.Debug|Any CPU.ActiveCfg = Debug|Any CPU
		{D3072C23-3C77-483E-AD4D-55C0E08C9A38}.Debug|Any CPU.Build.0 = Debug|Any CPU
		{D3072C23-3C77-483E-AD4D-55C0E08C9A38}.Release|Any CPU.ActiveCfg = Release|Any CPU
		{D3072C23-3C77-483E-AD4D-55C0E08C9A38}.Release|Any CPU.Build.0 = Release|Any CPU
		{72C48834-AEC6-471A-ADFC-EF139F3AF347}.Debug|Any CPU.ActiveCfg = Debug|Any CPU
		{72C48834-AEC6-471A-ADFC-EF139F3AF347}.Debug|Any CPU.Build.0 = Debug|Any CPU
		{72C48834-AEC6-471A-ADFC-EF139F3AF347}.Release|Any CPU.ActiveCfg = Release|Any CPU
		{72C48834-AEC6-471A-ADFC-EF139F3AF347}.Release|Any CPU.Build.0 = Release|Any CPU
		{DEA87E14-DC5F-443B-938F-870CBED1A753}.Debug|Any CPU.ActiveCfg = Debug|Any CPU
		{DEA87E14-DC5F-443B-938F-870CBED1A753}.Debug|Any CPU.Build.0 = Debug|Any CPU
		{DEA87E14-DC5F-443B-938F-870CBED1A753}.Release|Any CPU.ActiveCfg = Release|Any CPU
		{DEA87E14-DC5F-443B-938F-870CBED1A753}.Release|Any CPU.Build.0 = Release|Any CPU
		{9A8CAA3B-0612-42BF-AEB0-D23D3A6DA8AB}.Debug|Any CPU.ActiveCfg = Debug|Any CPU
		{9A8CAA3B-0612-42BF-AEB0-D23D3A6DA8AB}.Debug|Any CPU.Build.0 = Debug|Any CPU
		{9A8CAA3B-0612-42BF-AEB0-D23D3A6DA8AB}.Release|Any CPU.ActiveCfg = Release|Any CPU
		{9A8CAA3B-0612-42BF-AEB0-D23D3A6DA8AB}.Release|Any CPU.Build.0 = Release|Any CPU
		{0B29A3D4-C674-4E09-A5B5-5A1A67D0EDE8}.Debug|Any CPU.ActiveCfg = Debug|Any CPU
		{0B29A3D4-C674-4E09-A5B5-5A1A67D0EDE8}.Debug|Any CPU.Build.0 = Debug|Any CPU
		{0B29A3D4-C674-4E09-A5B5-5A1A67D0EDE8}.Release|Any CPU.ActiveCfg = Release|Any CPU
		{0B29A3D4-C674-4E09-A5B5-5A1A67D0EDE8}.Release|Any CPU.Build.0 = Release|Any CPU
		{4A548ED3-AEE9-4B12-869D-EBBC491C84A7}.Debug|Any CPU.ActiveCfg = Debug|Any CPU
		{4A548ED3-AEE9-4B12-869D-EBBC491C84A7}.Debug|Any CPU.Build.0 = Debug|Any CPU
		{4A548ED3-AEE9-4B12-869D-EBBC491C84A7}.Release|Any CPU.ActiveCfg = Release|Any CPU
		{4A548ED3-AEE9-4B12-869D-EBBC491C84A7}.Release|Any CPU.Build.0 = Release|Any CPU
		{872B4D83-CF3B-4E61-8734-9A09A7280CF7}.Debug|Any CPU.ActiveCfg = Debug|Any CPU
		{872B4D83-CF3B-4E61-8734-9A09A7280CF7}.Debug|Any CPU.Build.0 = Debug|Any CPU
		{872B4D83-CF3B-4E61-8734-9A09A7280CF7}.Release|Any CPU.ActiveCfg = Release|Any CPU
		{872B4D83-CF3B-4E61-8734-9A09A7280CF7}.Release|Any CPU.Build.0 = Release|Any CPU
		{DCC2B3B7-7C05-4CE8-9EE5-A2D6BB707CCF}.Debug|Any CPU.ActiveCfg = Debug|Any CPU
		{DCC2B3B7-7C05-4CE8-9EE5-A2D6BB707CCF}.Debug|Any CPU.Build.0 = Debug|Any CPU
		{DCC2B3B7-7C05-4CE8-9EE5-A2D6BB707CCF}.Release|Any CPU.ActiveCfg = Release|Any CPU
		{DCC2B3B7-7C05-4CE8-9EE5-A2D6BB707CCF}.Release|Any CPU.Build.0 = Release|Any CPU
		{C1140144-997F-4B77-920A-7AF38F70D702}.Debug|Any CPU.ActiveCfg = Debug|Any CPU
		{C1140144-997F-4B77-920A-7AF38F70D702}.Debug|Any CPU.Build.0 = Debug|Any CPU
		{C1140144-997F-4B77-920A-7AF38F70D702}.Release|Any CPU.ActiveCfg = Release|Any CPU
		{C1140144-997F-4B77-920A-7AF38F70D702}.Release|Any CPU.Build.0 = Release|Any CPU
		{B86A10FD-50BB-4AAF-86C6-06A5C2405035}.Debug|Any CPU.ActiveCfg = Debug|Any CPU
		{B86A10FD-50BB-4AAF-86C6-06A5C2405035}.Debug|Any CPU.Build.0 = Debug|Any CPU
		{B86A10FD-50BB-4AAF-86C6-06A5C2405035}.Release|Any CPU.ActiveCfg = Release|Any CPU
		{B86A10FD-50BB-4AAF-86C6-06A5C2405035}.Release|Any CPU.Build.0 = Release|Any CPU
		{931E510E-EDE0-49EC-86FC-438A72BC6F36}.Debug|Any CPU.ActiveCfg = Debug|Any CPU
		{931E510E-EDE0-49EC-86FC-438A72BC6F36}.Debug|Any CPU.Build.0 = Debug|Any CPU
		{931E510E-EDE0-49EC-86FC-438A72BC6F36}.Release|Any CPU.ActiveCfg = Release|Any CPU
		{931E510E-EDE0-49EC-86FC-438A72BC6F36}.Release|Any CPU.Build.0 = Release|Any CPU
	EndGlobalSection
	GlobalSection(SolutionProperties) = preSolution
		HideSolutionNode = FALSE
	EndGlobalSection
	GlobalSection(ExtensibilityGlobals) = postSolution
		SolutionGuid = {62E4531D-76F1-497B-B3E8-A2EC4A60443C}
	EndGlobalSection
EndGlobal
